// !$*UTF8*$!
{
	archiveVersion = 1;
	classes = {
	};
	objectVersion = 56;
	objects = {

/* Begin PBXBuildFile section */
		C7D03E2129AD2E7C00EC29AA /* OpenAI_GPT3App.swift in Sources */ = {isa = PBXBuildFile; fileRef = C7D03E2029AD2E7C00EC29AA /* OpenAI_GPT3App.swift */; };
		C7D03E2529AD2E7E00EC29AA /* Assets.xcassets in Resources */ = {isa = PBXBuildFile; fileRef = C7D03E2429AD2E7E00EC29AA /* Assets.xcassets */; };
		C7D03E2829AD2E7E00EC29AA /* Preview Assets.xcassets in Resources */ = {isa = PBXBuildFile; fileRef = C7D03E2729AD2E7E00EC29AA /* Preview Assets.xcassets */; };
		C7D03E6029AF987200EC29AA /* ModulesView.swift in Sources */ = {isa = PBXBuildFile; fileRef = C7D03E5F29AF987200EC29AA /* ModulesView.swift */; };
		C7D03E6229AF989F00EC29AA /* SettingsView.swift in Sources */ = {isa = PBXBuildFile; fileRef = C7D03E6129AF989F00EC29AA /* SettingsView.swift */; };
		C7D03E6529AF9B8B00EC29AA /* OpenAISwift in Frameworks */ = {isa = PBXBuildFile; productRef = C7D03E6429AF9B8B00EC29AA /* OpenAISwift */; };
		C7D03E6729AF9BAF00EC29AA /* AppModel.swift in Sources */ = {isa = PBXBuildFile; fileRef = C7D03E6629AF9BAF00EC29AA /* AppModel.swift */; };
		C7D03E6A29AFCA8100EC29AA /* NewChatView.swift in Sources */ = {isa = PBXBuildFile; fileRef = C7D03E6929AFCA8100EC29AA /* NewChatView.swift */; };
/* End PBXBuildFile section */

/* Begin PBXFileReference section */
		C7D03E1D29AD2E7C00EC29AA /* OpenAI GPT3.app */ = {isa = PBXFileReference; explicitFileType = wrapper.application; includeInIndex = 0; path = "OpenAI GPT3.app"; sourceTree = BUILT_PRODUCTS_DIR; };
		C7D03E2029AD2E7C00EC29AA /* OpenAI_GPT3App.swift */ = {isa = PBXFileReference; lastKnownFileType = sourcecode.swift; path = OpenAI_GPT3App.swift; sourceTree = "<group>"; };
		C7D03E2429AD2E7E00EC29AA /* Assets.xcassets */ = {isa = PBXFileReference; lastKnownFileType = folder.assetcatalog; path = Assets.xcassets; sourceTree = "<group>"; };
		C7D03E2729AD2E7E00EC29AA /* Preview Assets.xcassets */ = {isa = PBXFileReference; lastKnownFileType = folder.assetcatalog; path = "Preview Assets.xcassets"; sourceTree = "<group>"; };
		C7D03E5F29AF987200EC29AA /* ModulesView.swift */ = {isa = PBXFileReference; lastKnownFileType = sourcecode.swift; path = ModulesView.swift; sourceTree = "<group>"; };
		C7D03E6129AF989F00EC29AA /* SettingsView.swift */ = {isa = PBXFileReference; lastKnownFileType = sourcecode.swift; path = SettingsView.swift; sourceTree = "<group>"; };
		C7D03E6629AF9BAF00EC29AA /* AppModel.swift */ = {isa = PBXFileReference; lastKnownFileType = sourcecode.swift; path = AppModel.swift; sourceTree = "<group>"; };
		C7D03E6929AFCA8100EC29AA /* NewChatView.swift */ = {isa = PBXFileReference; lastKnownFileType = sourcecode.swift; path = NewChatView.swift; sourceTree = "<group>"; };
/* End PBXFileReference section */

/* Begin PBXFrameworksBuildPhase section */
		C7D03E1A29AD2E7C00EC29AA /* Frameworks */ = {
			isa = PBXFrameworksBuildPhase;
			buildActionMask = 2147483647;
			files = (
				C7D03E6529AF9B8B00EC29AA /* OpenAISwift in Frameworks */,
			);
			runOnlyForDeploymentPostprocessing = 0;
		};
/* End PBXFrameworksBuildPhase section */

/* Begin PBXGroup section */
		C7D03E1429AD2E7B00EC29AA = {
			isa = PBXGroup;
			children = (
				C7D03E1F29AD2E7C00EC29AA /* OpenAI GPT3 */,
				C7D03E1E29AD2E7C00EC29AA /* Products */,
			);
			sourceTree = "<group>";
		};
		C7D03E1E29AD2E7C00EC29AA /* Products */ = {
			isa = PBXGroup;
			children = (
				C7D03E1D29AD2E7C00EC29AA /* OpenAI GPT3.app */,
			);
			name = Products;
			sourceTree = "<group>";
		};
		C7D03E1F29AD2E7C00EC29AA /* OpenAI GPT3 */ = {
			isa = PBXGroup;
			children = (
				C7D03E2029AD2E7C00EC29AA /* OpenAI_GPT3App.swift */,
				C7D03E5F29AF987200EC29AA /* ModulesView.swift */,
				C7D03E6129AF989F00EC29AA /* SettingsView.swift */,
				C7D03E6629AF9BAF00EC29AA /* AppModel.swift */,
				C7D03E6829AFCA6300EC29AA /* Modules */,
				C7D03E2429AD2E7E00EC29AA /* Assets.xcassets */,
				C7D03E2629AD2E7E00EC29AA /* Preview Content */,
			);
			path = "OpenAI GPT3";
			sourceTree = "<group>";
		};
		C7D03E2629AD2E7E00EC29AA /* Preview Content */ = {
			isa = PBXGroup;
			children = (
				C7D03E2729AD2E7E00EC29AA /* Preview Assets.xcassets */,
			);
			path = "Preview Content";
			sourceTree = "<group>";
		};
		C7D03E6829AFCA6300EC29AA /* Modules */ = {
			isa = PBXGroup;
			children = (
				C7D03E6929AFCA8100EC29AA /* NewChatView.swift */,
			);
			path = Modules;
			sourceTree = "<group>";
		};
/* End PBXGroup section */

/* Begin PBXNativeTarget section */
		C7D03E1C29AD2E7C00EC29AA /* OpenAI GPT3 */ = {
			isa = PBXNativeTarget;
			buildConfigurationList = C7D03E2B29AD2E7E00EC29AA /* Build configuration list for PBXNativeTarget "OpenAI GPT3" */;
			buildPhases = (
				C7D03E1929AD2E7C00EC29AA /* Sources */,
				C7D03E1A29AD2E7C00EC29AA /* Frameworks */,
				C7D03E1B29AD2E7C00EC29AA /* Resources */,
			);
			buildRules = (
			);
			dependencies = (
			);
			name = "OpenAI GPT3";
			packageProductDependencies = (
				C7D03E6429AF9B8B00EC29AA /* OpenAISwift */,
			);
			productName = "OpenAI GPT3";
			productReference = C7D03E1D29AD2E7C00EC29AA /* OpenAI GPT3.app */;
			productType = "com.apple.product-type.application";
		};
/* End PBXNativeTarget section */

/* Begin PBXProject section */
		C7D03E1529AD2E7C00EC29AA /* Project object */ = {
			isa = PBXProject;
			attributes = {
				BuildIndependentTargetsInParallel = 1;
				LastSwiftUpdateCheck = 1420;
				LastUpgradeCheck = 1420;
				TargetAttributes = {
					C7D03E1C29AD2E7C00EC29AA = {
						CreatedOnToolsVersion = 14.2;
					};
				};
			};
			buildConfigurationList = C7D03E1829AD2E7C00EC29AA /* Build configuration list for PBXProject "OpenAI GPT3" */;
			compatibilityVersion = "Xcode 14.0";
			developmentRegion = en;
			hasScannedForEncodings = 0;
			knownRegions = (
				en,
				Base,
			);
			mainGroup = C7D03E1429AD2E7B00EC29AA;
			packageReferences = (
				C7D03E6329AF9B8A00EC29AA /* XCRemoteSwiftPackageReference "OpenAISwift" */,
			);
			productRefGroup = C7D03E1E29AD2E7C00EC29AA /* Products */;
			projectDirPath = "";
			projectRoot = "";
			targets = (
				C7D03E1C29AD2E7C00EC29AA /* OpenAI GPT3 */,
			);
		};
/* End PBXProject section */

/* Begin PBXResourcesBuildPhase section */
		C7D03E1B29AD2E7C00EC29AA /* Resources */ = {
			isa = PBXResourcesBuildPhase;
			buildActionMask = 2147483647;
			files = (
				C7D03E2829AD2E7E00EC29AA /* Preview Assets.xcassets in Resources */,
				C7D03E2529AD2E7E00EC29AA /* Assets.xcassets in Resources */,
			);
			runOnlyForDeploymentPostprocessing = 0;
		};
/* End PBXResourcesBuildPhase section */

/* Begin PBXSourcesBuildPhase section */
		C7D03E1929AD2E7C00EC29AA /* Sources */ = {
			isa = PBXSourcesBuildPhase;
			buildActionMask = 2147483647;
			files = (
				C7D03E6229AF989F00EC29AA /* SettingsView.swift in Sources */,
				C7D03E6029AF987200EC29AA /* ModulesView.swift in Sources */,
				C7D03E2129AD2E7C00EC29AA /* OpenAI_GPT3App.swift in Sources */,
				C7D03E6A29AFCA8100EC29AA /* NewChatView.swift in Sources */,
				C7D03E6729AF9BAF00EC29AA /* AppModel.swift in Sources */,
			);
			runOnlyForDeploymentPostprocessing = 0;
		};
/* End PBXSourcesBuildPhase section */

/* Begin XCBuildConfiguration section */
		C7D03E2929AD2E7E00EC29AA /* Debug */ = {
			isa = XCBuildConfiguration;
			buildSettings = {
				ALWAYS_SEARCH_USER_PATHS = NO;
				CLANG_ANALYZER_NONNULL = YES;
				CLANG_ANALYZER_NUMBER_OBJECT_CONVERSION = YES_AGGRESSIVE;
				CLANG_CXX_LANGUAGE_STANDARD = "gnu++20";
				CLANG_ENABLE_MODULES = YES;
				CLANG_ENABLE_OBJC_ARC = YES;
				CLANG_ENABLE_OBJC_WEAK = YES;
				CLANG_WARN_BLOCK_CAPTURE_AUTORELEASING = YES;
				CLANG_WARN_BOOL_CONVERSION = YES;
				CLANG_WARN_COMMA = YES;
				CLANG_WARN_CONSTANT_CONVERSION = YES;
				CLANG_WARN_DEPRECATED_OBJC_IMPLEMENTATIONS = YES;
				CLANG_WARN_DIRECT_OBJC_ISA_USAGE = YES_ERROR;
				CLANG_WARN_DOCUMENTATION_COMMENTS = YES;
				CLANG_WARN_EMPTY_BODY = YES;
				CLANG_WARN_ENUM_CONVERSION = YES;
				CLANG_WARN_INFINITE_RECURSION = YES;
				CLANG_WARN_INT_CONVERSION = YES;
				CLANG_WARN_NON_LITERAL_NULL_CONVERSION = YES;
				CLANG_WARN_OBJC_IMPLICIT_RETAIN_SELF = YES;
				CLANG_WARN_OBJC_LITERAL_CONVERSION = YES;
				CLANG_WARN_OBJC_ROOT_CLASS = YES_ERROR;
				CLANG_WARN_QUOTED_INCLUDE_IN_FRAMEWORK_HEADER = YES;
				CLANG_WARN_RANGE_LOOP_ANALYSIS = YES;
				CLANG_WARN_STRICT_PROTOTYPES = YES;
				CLANG_WARN_SUSPICIOUS_MOVE = YES;
				CLANG_WARN_UNGUARDED_AVAILABILITY = YES_AGGRESSIVE;
				CLANG_WARN_UNREACHABLE_CODE = YES;
				CLANG_WARN__DUPLICATE_METHOD_MATCH = YES;
				COPY_PHASE_STRIP = NO;
				DEBUG_INFORMATION_FORMAT = dwarf;
				ENABLE_STRICT_OBJC_MSGSEND = YES;
				ENABLE_TESTABILITY = YES;
				GCC_C_LANGUAGE_STANDARD = gnu11;
				GCC_DYNAMIC_NO_PIC = NO;
				GCC_NO_COMMON_BLOCKS = YES;
				GCC_OPTIMIZATION_LEVEL = 0;
				GCC_PREPROCESSOR_DEFINITIONS = (
					"DEBUG=1",
					"$(inherited)",
				);
				GCC_WARN_64_TO_32_BIT_CONVERSION = YES;
				GCC_WARN_ABOUT_RETURN_TYPE = YES_ERROR;
				GCC_WARN_UNDECLARED_SELECTOR = YES;
				GCC_WARN_UNINITIALIZED_AUTOS = YES_AGGRESSIVE;
				GCC_WARN_UNUSED_FUNCTION = YES;
				GCC_WARN_UNUSED_VARIABLE = YES;
				IPHONEOS_DEPLOYMENT_TARGET = 16.2;
				MTL_ENABLE_DEBUG_INFO = INCLUDE_SOURCE;
				MTL_FAST_MATH = YES;
				ONLY_ACTIVE_ARCH = YES;
				SDKROOT = iphoneos;
				SWIFT_ACTIVE_COMPILATION_CONDITIONS = DEBUG;
				SWIFT_OPTIMIZATION_LEVEL = "-Onone";
			};
			name = Debug;
		};
		C7D03E2A29AD2E7E00EC29AA /* Release */ = {
			isa = XCBuildConfiguration;
			buildSettings = {
				ALWAYS_SEARCH_USER_PATHS = NO;
				CLANG_ANALYZER_NONNULL = YES;
				CLANG_ANALYZER_NUMBER_OBJECT_CONVERSION = YES_AGGRESSIVE;
				CLANG_CXX_LANGUAGE_STANDARD = "gnu++20";
				CLANG_ENABLE_MODULES = YES;
				CLANG_ENABLE_OBJC_ARC = YES;
				CLANG_ENABLE_OBJC_WEAK = YES;
				CLANG_WARN_BLOCK_CAPTURE_AUTORELEASING = YES;
				CLANG_WARN_BOOL_CONVERSION = YES;
				CLANG_WARN_COMMA = YES;
				CLANG_WARN_CONSTANT_CONVERSION = YES;
				CLANG_WARN_DEPRECATED_OBJC_IMPLEMENTATIONS = YES;
				CLANG_WARN_DIRECT_OBJC_ISA_USAGE = YES_ERROR;
				CLANG_WARN_DOCUMENTATION_COMMENTS = YES;
				CLANG_WARN_EMPTY_BODY = YES;
				CLANG_WARN_ENUM_CONVERSION = YES;
				CLANG_WARN_INFINITE_RECURSION = YES;
				CLANG_WARN_INT_CONVERSION = YES;
				CLANG_WARN_NON_LITERAL_NULL_CONVERSION = YES;
				CLANG_WARN_OBJC_IMPLICIT_RETAIN_SELF = YES;
				CLANG_WARN_OBJC_LITERAL_CONVERSION = YES;
				CLANG_WARN_OBJC_ROOT_CLASS = YES_ERROR;
				CLANG_WARN_QUOTED_INCLUDE_IN_FRAMEWORK_HEADER = YES;
				CLANG_WARN_RANGE_LOOP_ANALYSIS = YES;
				CLANG_WARN_STRICT_PROTOTYPES = YES;
				CLANG_WARN_SUSPICIOUS_MOVE = YES;
				CLANG_WARN_UNGUARDED_AVAILABILITY = YES_AGGRESSIVE;
				CLANG_WARN_UNREACHABLE_CODE = YES;
				CLANG_WARN__DUPLICATE_METHOD_MATCH = YES;
				COPY_PHASE_STRIP = NO;
				DEBUG_INFORMATION_FORMAT = "dwarf-with-dsym";
				ENABLE_NS_ASSERTIONS = NO;
				ENABLE_STRICT_OBJC_MSGSEND = YES;
				GCC_C_LANGUAGE_STANDARD = gnu11;
				GCC_NO_COMMON_BLOCKS = YES;
				GCC_WARN_64_TO_32_BIT_CONVERSION = YES;
				GCC_WARN_ABOUT_RETURN_TYPE = YES_ERROR;
				GCC_WARN_UNDECLARED_SELECTOR = YES;
				GCC_WARN_UNINITIALIZED_AUTOS = YES_AGGRESSIVE;
				GCC_WARN_UNUSED_FUNCTION = YES;
				GCC_WARN_UNUSED_VARIABLE = YES;
				IPHONEOS_DEPLOYMENT_TARGET = 16.2;
				MTL_ENABLE_DEBUG_INFO = NO;
				MTL_FAST_MATH = YES;
				SDKROOT = iphoneos;
				SWIFT_COMPILATION_MODE = wholemodule;
				SWIFT_OPTIMIZATION_LEVEL = "-O";
				VALIDATE_PRODUCT = YES;
			};
			name = Release;
		};
		C7D03E2C29AD2E7E00EC29AA /* Debug */ = {
			isa = XCBuildConfiguration;
			buildSettings = {
				ASSETCATALOG_COMPILER_APPICON_NAME = AppIcon;
				ASSETCATALOG_COMPILER_GLOBAL_ACCENT_COLOR_NAME = AccentColor;
				CODE_SIGN_STYLE = Automatic;
				CURRENT_PROJECT_VERSION = 1;
				DEVELOPMENT_ASSET_PATHS = "\"OpenAI GPT3/Preview Content\"";
				DEVELOPMENT_TEAM = 255PJ663UF;
				ENABLE_PREVIEWS = YES;
				GENERATE_INFOPLIST_FILE = YES;
				INFOPLIST_KEY_UIApplicationSceneManifest_Generation = YES;
				INFOPLIST_KEY_UIApplicationSupportsIndirectInputEvents = YES;
				INFOPLIST_KEY_UILaunchScreen_Generation = YES;
				INFOPLIST_KEY_UISupportedInterfaceOrientations_iPad = "UIInterfaceOrientationPortrait UIInterfaceOrientationPortraitUpsideDown UIInterfaceOrientationLandscapeLeft UIInterfaceOrientationLandscapeRight";
				INFOPLIST_KEY_UISupportedInterfaceOrientations_iPhone = "UIInterfaceOrientationPortrait UIInterfaceOrientationLandscapeLeft UIInterfaceOrientationLandscapeRight";
				IPHONEOS_DEPLOYMENT_TARGET = 16.2;
				LD_RUNPATH_SEARCH_PATHS = (
					"$(inherited)",
					"@executable_path/Frameworks",
				);
				MARKETING_VERSION = 1.0;
				PRODUCT_BUNDLE_IDENTIFIER = "sanjeevrm.OpenAI-GPT3";
				PRODUCT_NAME = "$(TARGET_NAME)";
				SWIFT_EMIT_LOC_STRINGS = YES;
				SWIFT_VERSION = 5.0;
				TARGETED_DEVICE_FAMILY = "1,2";
			};
			name = Debug;
		};
		C7D03E2D29AD2E7E00EC29AA /* Release */ = {
			isa = XCBuildConfiguration;
			buildSettings = {
				ASSETCATALOG_COMPILER_APPICON_NAME = AppIcon;
				ASSETCATALOG_COMPILER_GLOBAL_ACCENT_COLOR_NAME = AccentColor;
				CODE_SIGN_STYLE = Automatic;
				CURRENT_PROJECT_VERSION = 1;
				DEVELOPMENT_ASSET_PATHS = "\"OpenAI GPT3/Preview Content\"";
				DEVELOPMENT_TEAM = 255PJ663UF;
				ENABLE_PREVIEWS = YES;
				GENERATE_INFOPLIST_FILE = YES;
				INFOPLIST_KEY_UIApplicationSceneManifest_Generation = YES;
				INFOPLIST_KEY_UIApplicationSupportsIndirectInputEvents = YES;
				INFOPLIST_KEY_UILaunchScreen_Generation = YES;
				INFOPLIST_KEY_UISupportedInterfaceOrientations_iPad = "UIInterfaceOrientationPortrait UIInterfaceOrientationPortraitUpsideDown UIInterfaceOrientationLandscapeLeft UIInterfaceOrientationLandscapeRight";
				INFOPLIST_KEY_UISupportedInterfaceOrientations_iPhone = "UIInterfaceOrientationPortrait UIInterfaceOrientationLandscapeLeft UIInterfaceOrientationLandscapeRight";
				IPHONEOS_DEPLOYMENT_TARGET = 16.2;
				LD_RUNPATH_SEARCH_PATHS = (
					"$(inherited)",
					"@executable_path/Frameworks",
				);
				MARKETING_VERSION = 1.0;
				PRODUCT_BUNDLE_IDENTIFIER = "sanjeevrm.OpenAI-GPT3";
				PRODUCT_NAME = "$(TARGET_NAME)";
				SWIFT_EMIT_LOC_STRINGS = YES;
				SWIFT_VERSION = 5.0;
				TARGETED_DEVICE_FAMILY = "1,2";
			};
			name = Release;
		};
/* End XCBuildConfiguration section */

/* Begin XCConfigurationList section */
		C7D03E1829AD2E7C00EC29AA /* Build configuration list for PBXProject "OpenAI GPT3" */ = {
			isa = XCConfigurationList;
			buildConfigurations = (
				C7D03E2929AD2E7E00EC29AA /* Debug */,
				C7D03E2A29AD2E7E00EC29AA /* Release */,
			);
			defaultConfigurationIsVisible = 0;
			defaultConfigurationName = Release;
		};
		C7D03E2B29AD2E7E00EC29AA /* Build configuration list for PBXNativeTarget "OpenAI GPT3" */ = {
			isa = XCConfigurationList;
			buildConfigurations = (
				C7D03E2C29AD2E7E00EC29AA /* Debug */,
				C7D03E2D29AD2E7E00EC29AA /* Release */,
			);
			defaultConfigurationIsVisible = 0;
			defaultConfigurationName = Release;
		};
/* End XCConfigurationList section */

/* Begin XCRemoteSwiftPackageReference section */
		C7D03E6329AF9B8A00EC29AA /* XCRemoteSwiftPackageReference "OpenAISwift" */ = {
			isa = XCRemoteSwiftPackageReference;
			repositoryURL = "https://github.com/adamrushy/OpenAISwift";
			requirement = {
				kind = upToNextMajorVersion;
				minimumVersion = 1.0.0;
			};
		};
/* End XCRemoteSwiftPackageReference section */

/* Begin XCSwiftPackageProductDependency section */
		C7D03E6429AF9B8B00EC29AA /* OpenAISwift */ = {
			isa = XCSwiftPackageProductDependency;
			package = C7D03E6329AF9B8A00EC29AA /* XCRemoteSwiftPackageReference "OpenAISwift" */;
			productName = OpenAISwift;
		};
/* End XCSwiftPackageProductDependency section */
	};
	rootObject = C7D03E1529AD2E7C00EC29AA /* Project object */;
}
